
Microsoft Visual Studio Solution File, Format Version 12.00
# Visual Studio Version 17
VisualStudioVersion = 17.0.31903.59
MinimumVisualStudioVersion = 10.0.40219.1
Project("{2150E333-8FDC-42A3-9474-1A3956D46DE8}") = "src", "src", "{827E0CD3-B72D-47B6-A68D-7590B98EB39B}"
EndProject
Project("{FAE04EC0-301F-11D3-BF4B-00C04F79EFBC}") = "Shared.Contracts", "src\Shared.Contracts\Shared.Contracts.csproj", "{28680438-20DB-4D06-B19E-565A6A429FBD}"
EndProject
Project("{FAE04EC0-301F-11D3-BF4B-00C04F79EFBC}") = "Identity.Api", "src\Identity.Api\Identity.Api.csproj", "{EBB48A10-ABF0-4910-B1DF-03CAC2583871}"
EndProject
Project("{FAE04EC0-301F-11D3-BF4B-00C04F79EFBC}") = "Post.Api", "src\Post.Api\Post.Api.csproj", "{5A839E37-07F2-47DD-B8AB-CEDF53B53B8B}"
EndProject
Project("{FAE04EC0-301F-11D3-BF4B-00C04F79EFBC}") = "Social.Api", "src\Social.Api\Social.Api.csproj", "{BE617FCD-CAAA-47D3-AEA3-A213B00D8340}"
EndProject
Project("{FAE04EC0-301F-11D3-BF4B-00C04F79EFBC}") = "Engagement.Api", "src\Engagement.Api\Engagement.Api.csproj", "{1ABD00DC-DAC5-43DC-8BBD-BAFFBE4BD636}"
EndProject
Project("{FAE04EC0-301F-11D3-BF4B-00C04F79EFBC}") = "Feed.Api", "src\Feed.Api\Feed.Api.csproj", "{E213A764-4E40-40BF-880C-385AEBED1A04}"
EndProject
Project("{2150E333-8FDC-42A3-9474-1A3956D46DE8}") = "tests", "tests", "{0AB3BF05-4346-4AA6-1389-037BE0695223}"
EndProject
Project("{FAE04EC0-301F-11D3-BF4B-00C04F79EFBC}") = "Architecture.Tests", "tests\Architecture.Tests\Architecture.Tests.csproj", "{1E06C9A4-93CB-4295-B3B4-323BD118DE73}"
EndProject
Project("{FAE04EC0-301F-11D3-BF4B-00C04F79EFBC}") = "Integration.Tests", "tests\Integration.Tests\Integration.Tests.csproj", "{05E41C36-EB92-48B1-B849-F2744F68D68A}"
EndProject
Project("{FAE04EC0-301F-11D3-BF4B-00C04F79EFBC}") = "Social.Web.Client", "src\Social.Web.Client\Social.Web.Client.csproj", "{AD97B42A-BB3F-4E73-AB4F-65657F70990D}"
EndProject
Project("{FAE04EC0-301F-11D3-BF4B-00C04F79EFBC}") = "Social.Bff", "src\Social.Bff\Social.Bff.csproj", "{E16EF0E3-877C-4189-A9F1-5882BA171FC9}"
EndProject
Project("{FAE04EC0-301F-11D3-BF4B-00C04F79EFBC}") = "Playwright.Tests", "tests\Playwright.Tests\Playwright.Tests.csproj", "{15B85BE5-EDB6-4D3D-96AC-1292B616D47B}"
EndProject
Global
	GlobalSection(SolutionConfigurationPlatforms) = preSolution
		Debug|Any CPU = Debug|Any CPU
		Debug|x64 = Debug|x64
		Debug|x86 = Debug|x86
		Release|Any CPU = Release|Any CPU
		Release|x64 = Release|x64
		Release|x86 = Release|x86
	EndGlobalSection
	GlobalSection(ProjectConfigurationPlatforms) = postSolution
		{28680438-20DB-4D06-B19E-565A6A429FBD}.Debug|Any CPU.ActiveCfg = Debug|Any CPU
		{28680438-20DB-4D06-B19E-565A6A429FBD}.Debug|Any CPU.Build.0 = Debug|Any CPU
		{28680438-20DB-4D06-B19E-565A6A429FBD}.Debug|x64.ActiveCfg = Debug|Any CPU
		{28680438-20DB-4D06-B19E-565A6A429FBD}.Debug|x64.Build.0 = Debug|Any CPU
		{28680438-20DB-4D06-B19E-565A6A429FBD}.Debug|x86.ActiveCfg = Debug|Any CPU
		{28680438-20DB-4D06-B19E-565A6A429FBD}.Debug|x86.Build.0 = Debug|Any CPU
		{28680438-20DB-4D06-B19E-565A6A429FBD}.Release|Any CPU.ActiveCfg = Release|Any CPU
		{28680438-20DB-4D06-B19E-565A6A429FBD}.Release|Any CPU.Build.0 = Release|Any CPU
		{28680438-20DB-4D06-B19E-565A6A429FBD}.Release|x64.ActiveCfg = Release|Any CPU
		{28680438-20DB-4D06-B19E-565A6A429FBD}.Release|x64.Build.0 = Release|Any CPU
		{28680438-20DB-4D06-B19E-565A6A429FBD}.Release|x86.ActiveCfg = Release|Any CPU
		{28680438-20DB-4D06-B19E-565A6A429FBD}.Release|x86.Build.0 = Release|Any CPU
		{EBB48A10-ABF0-4910-B1DF-03CAC2583871}.Debug|Any CPU.ActiveCfg = Debug|Any CPU
		{EBB48A10-ABF0-4910-B1DF-03CAC2583871}.Debug|Any CPU.Build.0 = Debug|Any CPU
		{EBB48A10-ABF0-4910-B1DF-03CAC2583871}.Debug|x64.ActiveCfg = Debug|Any CPU
		{EBB48A10-ABF0-4910-B1DF-03CAC2583871}.Debug|x64.Build.0 = Debug|Any CPU
		{EBB48A10-ABF0-4910-B1DF-03CAC2583871}.Debug|x86.ActiveCfg = Debug|Any CPU
		{EBB48A10-ABF0-4910-B1DF-03CAC2583871}.Debug|x86.Build.0 = Debug|Any CPU
		{EBB48A10-ABF0-4910-B1DF-03CAC2583871}.Release|Any CPU.ActiveCfg = Release|Any CPU
		{EBB48A10-ABF0-4910-B1DF-03CAC2583871}.Release|Any CPU.Build.0 = Release|Any CPU
		{EBB48A10-ABF0-4910-B1DF-03CAC2583871}.Release|x64.ActiveCfg = Release|Any CPU
		{EBB48A10-ABF0-4910-B1DF-03CAC2583871}.Release|x64.Build.0 = Release|Any CPU
		{EBB48A10-ABF0-4910-B1DF-03CAC2583871}.Release|x86.ActiveCfg = Release|Any CPU
		{EBB48A10-ABF0-4910-B1DF-03CAC2583871}.Release|x86.Build.0 = Release|Any CPU
		{5A839E37-07F2-47DD-B8AB-CEDF53B53B8B}.Debug|Any CPU.ActiveCfg = Debug|Any CPU
		{5A839E37-07F2-47DD-B8AB-CEDF53B53B8B}.Debug|Any CPU.Build.0 = Debug|Any CPU
		{5A839E37-07F2-47DD-B8AB-CEDF53B53B8B}.Debug|x64.ActiveCfg = Debug|Any CPU
		{5A839E37-07F2-47DD-B8AB-CEDF53B53B8B}.Debug|x64.Build.0 = Debug|Any CPU
		{5A839E37-07F2-47DD-B8AB-CEDF53B53B8B}.Debug|x86.ActiveCfg = Debug|Any CPU
		{5A839E37-07F2-47DD-B8AB-CEDF53B53B8B}.Debug|x86.Build.0 = Debug|Any CPU
		{5A839E37-07F2-47DD-B8AB-CEDF53B53B8B}.Release|Any CPU.ActiveCfg = Release|Any CPU
		{5A839E37-07F2-47DD-B8AB-CEDF53B53B8B}.Release|Any CPU.Build.0 = Release|Any CPU
		{5A839E37-07F2-47DD-B8AB-CEDF53B53B8B}.Release|x64.ActiveCfg = Release|Any CPU
		{5A839E37-07F2-47DD-B8AB-CEDF53B53B8B}.Release|x64.Build.0 = Release|Any CPU
		{5A839E37-07F2-47DD-B8AB-CEDF53B53B8B}.Release|x86.ActiveCfg = Release|Any CPU
		{5A839E37-07F2-47DD-B8AB-CEDF53B53B8B}.Release|x86.Build.0 = Release|Any CPU
		{BE617FCD-CAAA-47D3-AEA3-A213B00D8340}.Debug|Any CPU.ActiveCfg = Debug|Any CPU
		{BE617FCD-CAAA-47D3-AEA3-A213B00D8340}.Debug|Any CPU.Build.0 = Debug|Any CPU
		{BE617FCD-CAAA-47D3-AEA3-A213B00D8340}.Debug|x64.ActiveCfg = Debug|Any CPU
		{BE617FCD-CAAA-47D3-AEA3-A213B00D8340}.Debug|x64.Build.0 = Debug|Any CPU
		{BE617FCD-CAAA-47D3-AEA3-A213B00D8340}.Debug|x86.ActiveCfg = Debug|Any CPU
		{BE617FCD-CAAA-47D3-AEA3-A213B00D8340}.Debug|x86.Build.0 = Debug|Any CPU
		{BE617FCD-CAAA-47D3-AEA3-A213B00D8340}.Release|Any CPU.ActiveCfg = Release|Any CPU
		{BE617FCD-CAAA-47D3-AEA3-A213B00D8340}.Release|Any CPU.Build.0 = Release|Any CPU
		{BE617FCD-CAAA-47D3-AEA3-A213B00D8340}.Release|x64.ActiveCfg = Release|Any CPU
		{BE617FCD-CAAA-47D3-AEA3-A213B00D8340}.Release|x64.Build.0 = Release|Any CPU
		{BE617FCD-CAAA-47D3-AEA3-A213B00D8340}.Release|x86.ActiveCfg = Release|Any CPU
		{BE617FCD-CAAA-47D3-AEA3-A213B00D8340}.Release|x86.Build.0 = Release|Any CPU
		{1ABD00DC-DAC5-43DC-8BBD-BAFFBE4BD636}.Debug|Any CPU.ActiveCfg = Debug|Any CPU
		{1ABD00DC-DAC5-43DC-8BBD-BAFFBE4BD636}.Debug|Any CPU.Build.0 = Debug|Any CPU
		{1ABD00DC-DAC5-43DC-8BBD-BAFFBE4BD636}.Debug|x64.ActiveCfg = Debug|Any CPU
		{1ABD00DC-DAC5-43DC-8BBD-BAFFBE4BD636}.Debug|x64.Build.0 = Debug|Any CPU
		{1ABD00DC-DAC5-43DC-8BBD-BAFFBE4BD636}.Debug|x86.ActiveCfg = Debug|Any CPU
		{1ABD00DC-DAC5-43DC-8BBD-BAFFBE4BD636}.Debug|x86.Build.0 = Debug|Any CPU
		{1ABD00DC-DAC5-43DC-8BBD-BAFFBE4BD636}.Release|Any CPU.ActiveCfg = Release|Any CPU
		{1ABD00DC-DAC5-43DC-8BBD-BAFFBE4BD636}.Release|Any CPU.Build.0 = Release|Any CPU
		{1ABD00DC-DAC5-43DC-8BBD-BAFFBE4BD636}.Release|x64.ActiveCfg = Release|Any CPU
		{1ABD00DC-DAC5-43DC-8BBD-BAFFBE4BD636}.Release|x64.Build.0 = Release|Any CPU
		{1ABD00DC-DAC5-43DC-8BBD-BAFFBE4BD636}.Release|x86.ActiveCfg = Release|Any CPU
		{1ABD00DC-DAC5-43DC-8BBD-BAFFBE4BD636}.Release|x86.Build.0 = Release|Any CPU
		{E213A764-4E40-40BF-880C-385AEBED1A04}.Debug|Any CPU.ActiveCfg = Debug|Any CPU
		{E213A764-4E40-40BF-880C-385AEBED1A04}.Debug|Any CPU.Build.0 = Debug|Any CPU
		{E213A764-4E40-40BF-880C-385AEBED1A04}.Debug|x64.ActiveCfg = Debug|Any CPU
		{E213A764-4E40-40BF-880C-385AEBED1A04}.Debug|x64.Build.0 = Debug|Any CPU
		{E213A764-4E40-40BF-880C-385AEBED1A04}.Debug|x86.ActiveCfg = Debug|Any CPU
		{E213A764-4E40-40BF-880C-385AEBED1A04}.Debug|x86.Build.0 = Debug|Any CPU
		{E213A764-4E40-40BF-880C-385AEBED1A04}.Release|Any CPU.ActiveCfg = Release|Any CPU
		{E213A764-4E40-40BF-880C-385AEBED1A04}.Release|Any CPU.Build.0 = Release|Any CPU
		{E213A764-4E40-40BF-880C-385AEBED1A04}.Release|x64.ActiveCfg = Release|Any CPU
		{E213A764-4E40-40BF-880C-385AEBED1A04}.Release|x64.Build.0 = Release|Any CPU
		{E213A764-4E40-40BF-880C-385AEBED1A04}.Release|x86.ActiveCfg = Release|Any CPU
		{E213A764-4E40-40BF-880C-385AEBED1A04}.Release|x86.Build.0 = Release|Any CPU
		{1E06C9A4-93CB-4295-B3B4-323BD118DE73}.Debug|Any CPU.ActiveCfg = Debug|Any CPU
		{1E06C9A4-93CB-4295-B3B4-323BD118DE73}.Debug|Any CPU.Build.0 = Debug|Any CPU
		{1E06C9A4-93CB-4295-B3B4-323BD118DE73}.Debug|x64.ActiveCfg = Debug|Any CPU
		{1E06C9A4-93CB-4295-B3B4-323BD118DE73}.Debug|x64.Build.0 = Debug|Any CPU
		{1E06C9A4-93CB-4295-B3B4-323BD118DE73}.Debug|x86.ActiveCfg = Debug|Any CPU
		{1E06C9A4-93CB-4295-B3B4-323BD118DE73}.Debug|x86.Build.0 = Debug|Any CPU
		{1E06C9A4-93CB-4295-B3B4-323BD118DE73}.Release|Any CPU.ActiveCfg = Release|Any CPU
		{1E06C9A4-93CB-4295-B3B4-323BD118DE73}.Release|Any CPU.Build.0 = Release|Any CPU
		{1E06C9A4-93CB-4295-B3B4-323BD118DE73}.Release|x64.ActiveCfg = Release|Any CPU
		{1E06C9A4-93CB-4295-B3B4-323BD118DE73}.Release|x64.Build.0 = Release|Any CPU
		{1E06C9A4-93CB-4295-B3B4-323BD118DE73}.Release|x86.ActiveCfg = Release|Any CPU
		{1E06C9A4-93CB-4295-B3B4-323BD118DE73}.Release|x86.Build.0 = Release|Any CPU
		{05E41C36-EB92-48B1-B849-F2744F68D68A}.Debug|Any CPU.ActiveCfg = Debug|Any CPU
		{05E41C36-EB92-48B1-B849-F2744F68D68A}.Debug|Any CPU.Build.0 = Debug|Any CPU
		{05E41C36-EB92-48B1-B849-F2744F68D68A}.Debug|x64.ActiveCfg = Debug|Any CPU
		{05E41C36-EB92-48B1-B849-F2744F68D68A}.Debug|x64.Build.0 = Debug|Any CPU
		{05E41C36-EB92-48B1-B849-F2744F68D68A}.Debug|x86.ActiveCfg = Debug|Any CPU
		{05E41C36-EB92-48B1-B849-F2744F68D68A}.Debug|x86.Build.0 = Debug|Any CPU
		{05E41C36-EB92-48B1-B849-F2744F68D68A}.Release|Any CPU.ActiveCfg = Release|Any CPU
		{05E41C36-EB92-48B1-B849-F2744F68D68A}.Release|Any CPU.Build.0 = Release|Any CPU
		{05E41C36-EB92-48B1-B849-F2744F68D68A}.Release|x64.ActiveCfg = Release|Any CPU
		{05E41C36-EB92-48B1-B849-F2744F68D68A}.Release|x64.Build.0 = Release|Any CPU
		{05E41C36-EB92-48B1-B849-F2744F68D68A}.Release|x86.ActiveCfg = Release|Any CPU
		{05E41C36-EB92-48B1-B849-F2744F68D68A}.Release|x86.Build.0 = Release|Any CPU
		{AD97B42A-BB3F-4E73-AB4F-65657F70990D}.Debug|Any CPU.ActiveCfg = Debug|Any CPU
		{AD97B42A-BB3F-4E73-AB4F-65657F70990D}.Debug|Any CPU.Build.0 = Debug|Any CPU
		{AD97B42A-BB3F-4E73-AB4F-65657F70990D}.Debug|x64.ActiveCfg = Debug|Any CPU
		{AD97B42A-BB3F-4E73-AB4F-65657F70990D}.Debug|x64.Build.0 = Debug|Any CPU
		{AD97B42A-BB3F-4E73-AB4F-65657F70990D}.Debug|x86.ActiveCfg = Debug|Any CPU
		{AD97B42A-BB3F-4E73-AB4F-65657F70990D}.Debug|x86.Build.0 = Debug|Any CPU
		{AD97B42A-BB3F-4E73-AB4F-65657F70990D}.Release|Any CPU.ActiveCfg = Release|Any CPU
		{AD97B42A-BB3F-4E73-AB4F-65657F70990D}.Release|Any CPU.Build.0 = Release|Any CPU
		{AD97B42A-BB3F-4E73-AB4F-65657F70990D}.Release|x64.ActiveCfg = Release|Any CPU
		{AD97B42A-BB3F-4E73-AB4F-65657F70990D}.Release|x64.Build.0 = Release|Any CPU
		{AD97B42A-BB3F-4E73-AB4F-65657F70990D}.Release|x86.ActiveCfg = Release|Any CPU
		{AD97B42A-BB3F-4E73-AB4F-65657F70990D}.Release|x86.Build.0 = Release|Any CPU
		{E16EF0E3-877C-4189-A9F1-5882BA171FC9}.Debug|Any CPU.ActiveCfg = Debug|Any CPU
		{E16EF0E3-877C-4189-A9F1-5882BA171FC9}.Debug|Any CPU.Build.0 = Debug|Any CPU
		{E16EF0E3-877C-4189-A9F1-5882BA171FC9}.Debug|x64.ActiveCfg = Debug|Any CPU
		{E16EF0E3-877C-4189-A9F1-5882BA171FC9}.Debug|x64.Build.0 = Debug|Any CPU
		{E16EF0E3-877C-4189-A9F1-5882BA171FC9}.Debug|x86.ActiveCfg = Debug|Any CPU
		{E16EF0E3-877C-4189-A9F1-5882BA171FC9}.Debug|x86.Build.0 = Debug|Any CPU
		{E16EF0E3-877C-4189-A9F1-5882BA171FC9}.Release|Any CPU.ActiveCfg = Release|Any CPU
		{E16EF0E3-877C-4189-A9F1-5882BA171FC9}.Release|Any CPU.Build.0 = Release|Any CPU
		{E16EF0E3-877C-4189-A9F1-5882BA171FC9}.Release|x64.ActiveCfg = Release|Any CPU
		{E16EF0E3-877C-4189-A9F1-5882BA171FC9}.Release|x64.Build.0 = Release|Any CPU
		{E16EF0E3-877C-4189-A9F1-5882BA171FC9}.Release|x86.ActiveCfg = Release|Any CPU
		{E16EF0E3-877C-4189-A9F1-5882BA171FC9}.Release|x86.Build.0 = Release|Any CPU
		{15B85BE5-EDB6-4D3D-96AC-1292B616D47B}.Debug|Any CPU.ActiveCfg = Debug|Any CPU
		{15B85BE5-EDB6-4D3D-96AC-1292B616D47B}.Debug|Any CPU.Build.0 = Debug|Any CPU
		{15B85BE5-EDB6-4D3D-96AC-1292B616D47B}.Debug|x64.ActiveCfg = Debug|Any CPU
		{15B85BE5-EDB6-4D3D-96AC-1292B616D47B}.Debug|x64.Build.0 = Debug|Any CPU
		{15B85BE5-EDB6-4D3D-96AC-1292B616D47B}.Debug|x86.ActiveCfg = Debug|Any CPU
		{15B85BE5-EDB6-4D3D-96AC-1292B616D47B}.Debug|x86.Build.0 = Debug|Any CPU
		{15B85BE5-EDB6-4D3D-96AC-1292B616D47B}.Release|Any CPU.ActiveCfg = Release|Any CPU
		{15B85BE5-EDB6-4D3D-96AC-1292B616D47B}.Release|Any CPU.Build.0 = Release|Any CPU
		{15B85BE5-EDB6-4D3D-96AC-1292B616D47B}.Release|x64.ActiveCfg = Release|Any CPU
		{15B85BE5-EDB6-4D3D-96AC-1292B616D47B}.Release|x64.Build.0 = Release|Any CPU
		{15B85BE5-EDB6-4D3D-96AC-1292B616D47B}.Release|x86.ActiveCfg = Release|Any CPU
		{15B85BE5-EDB6-4D3D-96AC-1292B616D47B}.Release|x86.Build.0 = Release|Any CPU
	EndGlobalSection
	GlobalSection(SolutionProperties) = preSolution
		HideSolutionNode = FALSE
	EndGlobalSection
	GlobalSection(NestedProjects) = preSolution
		{28680438-20DB-4D06-B19E-565A6A429FBD} = {827E0CD3-B72D-47B6-A68D-7590B98EB39B}
		{EBB48A10-ABF0-4910-B1DF-03CAC2583871} = {827E0CD3-B72D-47B6-A68D-7590B98EB39B}
		{5A839E37-07F2-47DD-B8AB-CEDF53B53B8B} = {827E0CD3-B72D-47B6-A68D-7590B98EB39B}
		{BE617FCD-CAAA-47D3-AEA3-A213B00D8340} = {827E0CD3-B72D-47B6-A68D-7590B98EB39B}
		{1ABD00DC-DAC5-43DC-8BBD-BAFFBE4BD636} = {827E0CD3-B72D-47B6-A68D-7590B98EB39B}
		{E213A764-4E40-40BF-880C-385AEBED1A04} = {827E0CD3-B72D-47B6-A68D-7590B98EB39B}
		{1E06C9A4-93CB-4295-B3B4-323BD118DE73} = {0AB3BF05-4346-4AA6-1389-037BE0695223}
		{05E41C36-EB92-48B1-B849-F2744F68D68A} = {0AB3BF05-4346-4AA6-1389-037BE0695223}
		{AD97B42A-BB3F-4E73-AB4F-65657F70990D} = {827E0CD3-B72D-47B6-A68D-7590B98EB39B}
		{E16EF0E3-877C-4189-A9F1-5882BA171FC9} = {827E0CD3-B72D-47B6-A68D-7590B98EB39B}
		{15B85BE5-EDB6-4D3D-96AC-1292B616D47B} = {0AB3BF05-4346-4AA6-1389-037BE0695223}
	EndGlobalSection
EndGlobal
